
Microsoft Visual Studio Solution File, Format Version 12.00
# Visual Studio Version 17
VisualStudioVersion = 17.5.33627.172
MinimumVisualStudioVersion = 10.0.40219.1
Project("{FAE04EC0-301F-11D3-BF4B-00C04F79EFBC}") = "CaptainDocker", "CaptainDocker\CaptainDocker.csproj", "{22C39D68-C855-4553-9023-DFD9EC55A03A}"
EndProject
Project("{9A19103F-16F7-4668-BE54-9A1E7A4F7556}") = "FileContextCore", "FileContextCore\FileContextCore.csproj", "{F4DED41B-455C-4068-8E0A-F65FA269766C}"
EndProject
Project("{FAE04EC0-301F-11D3-BF4B-00C04F79EFBC}") = "Captain.Console", "Captain.Console\Captain.Console.csproj", "{8E96E0BF-93AF-4D5A-9E79-75EF766C390A}"
EndProject
Global
	GlobalSection(SolutionConfigurationPlatforms) = preSolution
		Debug|Any CPU = Debug|Any CPU
		Release|Any CPU = Release|Any CPU
	EndGlobalSection
	GlobalSection(ProjectConfigurationPlatforms) = postSolution
		{22C39D68-C855-4553-9023-DFD9EC55A03A}.Debug|Any CPU.ActiveCfg = Debug|Any CPU
		{22C39D68-C855-4553-9023-DFD9EC55A03A}.Debug|Any CPU.Build.0 = Debug|Any CPU
		{22C39D68-C855-4553-9023-DFD9EC55A03A}.Release|Any CPU.ActiveCfg = Release|Any CPU
		{22C39D68-C855-4553-9023-DFD9EC55A03A}.Release|Any CPU.Build.0 = Release|Any CPU
		{F4DED41B-455C-4068-8E0A-F65FA269766C}.Debug|Any CPU.ActiveCfg = Debug|Any CPU
		{F4DED41B-455C-4068-8E0A-F65FA269766C}.Debug|Any CPU.Build.0 = Debug|Any CPU
		{F4DED41B-455C-4068-8E0A-F65FA269766C}.Release|Any CPU.ActiveCfg = Release|Any CPU
		{F4DED41B-455C-4068-8E0A-F65FA269766C}.Release|Any CPU.Build.0 = Release|Any CPU
		{8E96E0BF-93AF-4D5A-9E79-75EF766C390A}.Debug|Any CPU.ActiveCfg = Debug|Any CPU
		{8E96E0BF-93AF-4D5A-9E79-75EF766C390A}.Debug|Any CPU.Build.0 = Debug|Any CPU
		{8E96E0BF-93AF-4D5A-9E79-75EF766C390A}.Release|Any CPU.ActiveCfg = Release|Any CPU
		{8E96E0BF-93AF-4D5A-9E79-75EF766C390A}.Release|Any CPU.Build.0 = Release|Any CPU
	EndGlobalSection
	GlobalSection(SolutionProperties) = preSolution
		HideSolutionNode = FALSE
	EndGlobalSection
	GlobalSection(ExtensibilityGlobals) = postSolution
		SolutionGuid = {924C9B35-9F9A-4A07-913F-D3E89D763CBC}
	EndGlobalSection
EndGlobal
